// !$*UTF8*$!
{
	archiveVersion = 1;
	classes = {
	};
	objectVersion = 77;
	objects = {

/* Begin PBXContainerItemProxy section */
		69DDCC9A2F748F5D0076ADFC /* PBXContainerItemProxy */ = {
			isa = PBXContainerItemProxy;
			containerPortal = 69DDCC7B2F748F5B0076ADFC /* Project object */;
			proxyType = 1;
			remoteGlobalIDString = 69DDCC822F748F5B0076ADFC;
			remoteInfo = ApplyScene;
		};
		69DDCCA42F748F5D0076ADFC /* PBXContainerItemProxy */ = {
			isa = PBXContainerItemProxy;
			containerPortal = 69DDCC7B2F748F5B0076ADFC /* Project object */;
			proxyType = 1;
			remoteGlobalIDString = 69DDCC822F748F5B0076ADFC;
			remoteInfo = ApplyScene;
		};
/* End PBXContainerItemProxy section */

/* Begin PBXFileReference section */
		69DDCC832F748F5B0076ADFC /* ApplyScene.app */ = {isa = PBXFileReference; explicitFileType = wrapper.application; includeInIndex = 0; path = ApplyScene.app; sourceTree = BUILT_PRODUCTS_DIR; };
		69DDCC992F748F5D0076ADFC /* ApplySceneTests.xctest */ = {isa = PBXFileReference; explicitFileType = wrapper.cfbundle; includeInIndex = 0; path = ApplySceneTests.xctest; sourceTree = BUILT_PRODUCTS_DIR; };
		69DDCCA32F748F5D0076ADFC /* ApplySceneUITests.xctest */ = {isa = PBXFileReference; explicitFileType = wrapper.cfbundle; includeInIndex = 0; path = ApplySceneUITests.xctest; sourceTree = BUILT_PRODUCTS_DIR; };
/* End PBXFileReference section */

/* Begin PBXFileSystemSynchronizedBuildFileExceptionSet section */
		69DDCCAB2F748F5D0076ADFC /* Exceptions for "ApplyScene" folder in "ApplyScene" target */ = {
			isa = PBXFileSystemSynchronizedBuildFileExceptionSet;
			membershipExceptions = (
				Info.plist,
			);
			target = 69DDCC822F748F5B0076ADFC /* ApplyScene */;
		};
/* End PBXFileSystemSynchronizedBuildFileExceptionSet section */

/* Begin PBXFileSystemSynchronizedRootGroup section */
		69DDCC852F748F5B0076ADFC /* ApplyScene */ = {
			isa = PBXFileSystemSynchronizedRootGroup;
			exceptions = (
				69DDCCAB2F748F5D0076ADFC /* Exceptions for "ApplyScene" folder in "ApplyScene" target */,
			);
			path = ApplyScene;
			sourceTree = "<group>";
		};
		69DDCC9C2F748F5D0076ADFC /* ApplySceneTests */ = {
			isa = PBXFileSystemSynchronizedRootGroup;
			path = ApplySceneTests;
			sourceTree = "<group>";
		};
		69DDCCA62F748F5D0076ADFC /* ApplySceneUITests */ = {
			isa = PBXFileSystemSynchronizedRootGroup;
			path = ApplySceneUITests;
			sourceTree = "<group>";
		};
/* End PBXFileSystemSynchronizedRootGroup section */

/* Begin PBXFrameworksBuildPhase section */
		69DDCC802F748F5B0076ADFC /* Frameworks */ = {
			isa = PBXFrameworksBuildPhase;
			buildActionMask = 2147483647;
			files = (
			);
			runOnlyForDeploymentPostprocessing = 0;
		};
		69DDCC962F748F5D0076ADFC /* Frameworks */ = {
			isa = PBXFrameworksBuildPhase;
			buildActionMask = 2147483647;
			files = (
			);
			runOnlyForDeploymentPostprocessing = 0;
		};
		69DDCCA02F748F5D0076ADFC /* Frameworks */ = {
			isa = PBXFrameworksBuildPhase;
			buildActionMask = 2147483647;
			files = (
			);
			runOnlyForDeploymentPostprocessing = 0;
		};
/* End PBXFrameworksBuildPhase section */

/* Begin PBXGroup section */
		69DDCC7A2F748F5B0076ADFC = {
			isa = PBXGroup;
			children = (
				69DDCC852F748F5B0076ADFC /* ApplyScene */,
				69DDCC9C2F748F5D0076ADFC /* ApplySceneTests */,
				69DDCCA62F748F5D0076ADFC /* ApplySceneUITests */,
				69DDCC842F748F5B0076ADFC /* Products */,
			);
			sourceTree = "<group>";
		};
		69DDCC842F748F5B0076ADFC /* Products */ = {
			isa = PBXGroup;
			children = (
				69DDCC832F748F5B0076ADFC /* ApplyScene.app */,
				69DDCC992F748F5D0076ADFC /* ApplySceneTests.xctest */,
				69DDCCA32F748F5D0076ADFC /* ApplySceneUITests.xctest */,
			);
			name = Products;
			sourceTree = "<group>";
		};
/* End PBXGroup section */

/* Begin PBXNativeTarget section */
		69DDCC822F748F5B0076ADFC /* ApplyScene */ = {
			isa = PBXNativeTarget;
			buildConfigurationList = 69DDCCAC2F748F5D0076ADFC /* Build configuration list for PBXNativeTarget "ApplyScene" */;
			buildPhases = (
				69DDCC7F2F748F5B0076ADFC /* Sources */,
				69DDCC802F748F5B0076ADFC /* Frameworks */,
				69DDCC812F748F5B0076ADFC /* Resources */,
			);
			buildRules = (
			);
			dependencies = (
			);
			fileSystemSynchronizedGroups = (
				69DDCC852F748F5B0076ADFC /* ApplyScene */,
			);
			name = ApplyScene;
			packageProductDependencies = (
			);
			productName = ApplyScene;
			productReference = 69DDCC832F748F5B0076ADFC /* ApplyScene.app */;
			productType = "com.apple.product-type.application";
		};
		69DDCC982F748F5D0076ADFC /* ApplySceneTests */ = {
			isa = PBXNativeTarget;
			buildConfigurationList = 69DDCCB12F748F5D0076ADFC /* Build configuration list for PBXNativeTarget "ApplySceneTests" */;
			buildPhases = (
				69DDCC952F748F5D0076ADFC /* Sources */,
				69DDCC962F748F5D0076ADFC /* Frameworks */,
				69DDCC972F748F5D0076ADFC /* Resources */,
			);
			buildRules = (
			);
			dependencies = (
				69DDCC9B2F748F5D0076ADFC /* PBXTargetDependency */,
			);
			fileSystemSynchronizedGroups = (
				69DDCC9C2F748F5D0076ADFC /* ApplySceneTests */,
			);
			name = ApplySceneTests;
			packageProductDependencies = (
			);
			productName = ApplySceneTests;
			productReference = 69DDCC992F748F5D0076ADFC /* ApplySceneTests.xctest */;
			productType = "com.apple.product-type.bundle.unit-test";
		};
		69DDCCA22F748F5D0076ADFC /* ApplySceneUITests */ = {
			isa = PBXNativeTarget;
			buildConfigurationList = 69DDCCB42F748F5D0076ADFC /* Build configuration list for PBXNativeTarget "ApplySceneUITests" */;
			buildPhases = (
				69DDCC9F2F748F5D0076ADFC /* Sources */,
				69DDCCA02F748F5D0076ADFC /* Frameworks */,
				69DDCCA12F748F5D0076ADFC /* Resources */,
			);
			buildRules = (
			);
			dependencies = (
				69DDCCA52F748F5D0076ADFC /* PBXTargetDependency */,
			);
			fileSystemSynchronizedGroups = (
				69DDCCA62F748F5D0076ADFC /* ApplySceneUITests */,
			);
			name = ApplySceneUITests;
			packageProductDependencies = (
			);
			productName = ApplySceneUITests;
			productReference = 69DDCCA32F748F5D0076ADFC /* ApplySceneUITests.xctest */;
			productType = "com.apple.product-type.bundle.ui-testing";
		};
/* End PBXNativeTarget section */

/* Begin PBXProject section */
		69DDCC7B2F748F5B0076ADFC /* Project object */ = {
			isa = PBXProject;
			attributes = {
				BuildIndependentTargetsInParallel = 1;
				LastSwiftUpdateCheck = 2620;
				LastUpgradeCheck = 2620;
				TargetAttributes = {
					69DDCC822F748F5B0076ADFC = {
						CreatedOnToolsVersion = 26.2;
					};
					69DDCC982F748F5D0076ADFC = {
						CreatedOnToolsVersion = 26.2;
						TestTargetID = 69DDCC822F748F5B0076ADFC;
					};
					69DDCCA22F748F5D0076ADFC = {
						CreatedOnToolsVersion = 26.2;
						TestTargetID = 69DDCC822F748F5B0076ADFC;
					};
				};
			};
			buildConfigurationList = 69DDCC7E2F748F5B0076ADFC /* Build configuration list for PBXProject "ApplyScene" */;
			developmentRegion = en;
			hasScannedForEncodings = 0;
			knownRegions = (
				en,
				Base,
			);
			mainGroup = 69DDCC7A2F748F5B0076ADFC;
			minimizedProjectReferenceProxies = 1;
			preferredProjectObjectVersion = 77;
			productRefGroup = 69DDCC842F748F5B0076ADFC /* Products */;
			projectDirPath = "";
			projectRoot = "";
			targets = (
				69DDCC822F748F5B0076ADFC /* ApplyScene */,
				69DDCC982F748F5D0076ADFC /* ApplySceneTests */,
				69DDCCA22F748F5D0076ADFC /* ApplySceneUITests */,
			);
		};
/* End PBXProject section */

/* Begin PBXResourcesBuildPhase section */
		69DDCC812F748F5B0076ADFC /* Resources */ = {
			isa = PBXResourcesBuildPhase;
			buildActionMask = 2147483647;
			files = (
			);
			runOnlyForDeploymentPostprocessing = 0;
		};
		69DDCC972F748F5D0076ADFC /* Resources */ = {
			isa = PBXResourcesBuildPhase;
			buildActionMask = 2147483647;
			files = (
			);
			runOnlyForDeploymentPostprocessing = 0;
		};
		69DDCCA12F748F5D0076ADFC /* Resources */ = {
			isa = PBXResourcesBuildPhase;
			buildActionMask = 2147483647;
			files = (
			);
			runOnlyForDeploymentPostprocessing = 0;
		};
/* End PBXResourcesBuildPhase section */

/* Begin PBXSourcesBuildPhase section */
		69DDCC7F2F748F5B0076ADFC /* Sources */ = {
			isa = PBXSourcesBuildPhase;
			buildActionMask = 2147483647;
			files = (
			);
			runOnlyForDeploymentPostprocessing = 0;
		};
		69DDCC952F748F5D0076ADFC /* Sources */ = {
			isa = PBXSourcesBuildPhase;
			buildActionMask = 2147483647;
			files = (
			);
			runOnlyForDeploymentPostprocessing = 0;
		};
		69DDCC9F2F748F5D0076ADFC /* Sources */ = {
			isa = PBXSourcesBuildPhase;
			buildActionMask = 2147483647;
			files = (
			);
			runOnlyForDeploymentPostprocessing = 0;
		};
/* End PBXSourcesBuildPhase section */

/* Begin PBXTargetDependency section */
		69DDCC9B2F748F5D0076ADFC /* PBXTargetDependency */ = {
			isa = PBXTargetDependency;
			target = 69DDCC822F748F5B0076ADFC /* ApplyScene */;
			targetProxy = 69DDCC9A2F748F5D0076ADFC /* PBXContainerItemProxy */;
		};
		69DDCCA52F748F5D0076ADFC /* PBXTargetDependency */ = {
			isa = PBXTargetDependency;
			target = 69DDCC822F748F5B0076ADFC /* ApplyScene */;
			targetProxy = 69DDCCA42F748F5D0076ADFC /* PBXContainerItemProxy */;
		};
/* End PBXTargetDependency section */

/* Begin XCBuildConfiguration section */
		69DDCCAD2F748F5D0076ADFC /* Debug */ = {
			isa = XCBuildConfiguration;
			buildSettings = {
				ASSETCATALOG_COMPILER_APPICON_NAME = AppIcon;
				ASSETCATALOG_COMPILER_GLOBAL_ACCENT_COLOR_NAME = AccentColor;
				CODE_SIGN_STYLE = Automatic;
				CURRENT_PROJECT_VERSION = 1;
				GENERATE_INFOPLIST_FILE = YES;
				INFOPLIST_FILE = ApplyScene/Info.plist;
				INFOPLIST_KEY_UIApplicationSupportsIndirectInputEvents = YES;
				INFOPLIST_KEY_UILaunchStoryboardName = LaunchScreen;
				INFOPLIST_KEY_UISupportedInterfaceOrientations_iPad = "UIInterfaceOrientationPortrait UIInterfaceOrientationPortraitUpsideDown UIInterfaceOrientationLandscapeLeft UIInterfaceOrientationLandscapeRight";
				INFOPLIST_KEY_UISupportedInterfaceOrientations_iPhone = "UIInterfaceOrientationPortrait UIInterfaceOrientationLandscapeLeft UIInterfaceOrientationLandscapeRight";
				LD_RUNPATH_SEARCH_PATHS = (
					"$(inherited)",
					"@executable_path/Frameworks",
				);
				MARKETING_VERSION = 1.0;
				PRODUCT_BUNDLE_IDENTIFIER = kobayashi.ApplyScene;
				PRODUCT_NAME = "$(TARGET_NAME)";
				STRING_CATALOG_GENERATE_SYMBOLS = YES;
				SWIFT_APPROACHABLE_CONCURRENCY = YES;
				SWIFT_DEFAULT_ACTOR_ISOLATION = MainActor;
				SWIFT_EMIT_LOC_STRINGS = YES;
				SWIFT_UPCOMING_FEATURE_MEMBER_IMPORT_VISIBILITY = YES;
				SWIFT_VERSION = 5.0;
				TARGETED_DEVICE_FAMILY = "1,2";
			};
			name = Debug;
		};
		69DDCCAE2F748F5D0076ADFC /* Release */ = {
			isa = XCBuildConfiguration;
			buildSettings = {
				ASSETCATALOG_COMPILER_APPICON_NAME = AppIcon;
				ASSETCATALOG_COMPILER_GLOBAL_ACCENT_COLOR_NAME = AccentColor;
				CODE_SIGN_STYLE = Automatic;
				CURRENT_PROJECT_VERSION = 1;
				GENERATE_INFOPLIST_FILE = YES;
				INFOPLIST_FILE = ApplyScene/Info.plist;
				INFOPLIST_KEY_UIApplicationSupportsIndirectInputEvents = YES;
				INFOPLIST_KEY_UILaunchStoryboardName = LaunchScreen;
				INFOPLIST_KEY_UISupportedInterfaceOrientations_iPad = "UIInterfaceOrientationPortrait UIInterfaceOrientationPortraitUpsideDown UIInterfaceOrientationLandscapeLeft UIInterfaceOrientationLandscapeRight";
				INFOPLIST_KEY_UISupportedInterfaceOrientations_iPhone = "UIInterfaceOrientationPortrait UIInterfaceOrientationLandscapeLeft UIInterfaceOrientationLandscapeRight";
				LD_RUNPATH_SEARCH_PATHS = (
					"$(inherited)",
					"@executable_path/Frameworks",
				);
				MARKETING_VERSION = 1.0;
				PRODUCT_BUNDLE_IDENTIFIER = kobayashi.ApplyScene;
				PRODUCT_NAME = "$(TARGET_NAME)";
				STRING_CATALOG_GENERATE_SYMBOLS = YES;
				SWIFT_APPROACHABLE_CONCURRENCY = YES;
				SWIFT_DEFAULT_ACTOR_ISOLATION = MainActor;
				SWIFT_EMIT_LOC_STRINGS = YES;
				SWIFT_UPCOMING_FEATURE_MEMBER_IMPORT_VISIBILITY = YES;
				SWIFT_VERSION = 5.0;
				TARGETED_DEVICE_FAMILY = "1,2";
			};
			name = Release;
		};
		69DDCCAF2F748F5D0076ADFC /* Debug */ = {
			isa = XCBuildConfiguration;
			buildSettings = {
				ALWAYS_SEARCH_USER_PATHS = NO;
				ASSETCATALOG_COMPILER_GENERATE_SWIFT_ASSET_SYMBOL_EXTENSIONS = YES;
				CLANG_ANALYZER_NONNULL = YES;
				CLANG_ANALYZER_NUMBER_OBJECT_CONVERSION = YES_AGGRESSIVE;
				CLANG_CXX_LANGUAGE_STANDARD = "gnu++20";
				CLANG_ENABLE_MODULES = YES;
				CLANG_ENABLE_OBJC_ARC = YES;
				CLANG_ENABLE_OBJC_WEAK = YES;
				CLANG_WARN_BLOCK_CAPTURE_AUTORELEASING = YES;
				CLANG_WARN_BOOL_CONVERSION = YES;
				CLANG_WARN_COMMA = YES;
				CLANG_WARN_CONSTANT_CONVERSION = YES;
				CLANG_WARN_DEPRECATED_OBJC_IMPLEMENTATIONS = YES;
				CLANG_WARN_DIRECT_OBJC_ISA_USAGE = YES_ERROR;
				CLANG_WARN_DOCUMENTATION_COMMENTS = YES;
				CLANG_WARN_EMPTY_BODY = YES;
				CLANG_WARN_ENUM_CONVERSION = YES;
				CLANG_WARN_INFINITE_RECURSION = YES;
				CLANG_WARN_INT_CONVERSION = YES;
				CLANG_WARN_NON_LITERAL_NULL_CONVERSION = YES;
				CLANG_WARN_OBJC_IMPLICIT_RETAIN_SELF = YES;
				CLANG_WARN_OBJC_LITERAL_CONVERSION = YES;
				CLANG_WARN_OBJC_ROOT_CLASS = YES_ERROR;
				CLANG_WARN_QUOTED_INCLUDE_IN_FRAMEWORK_HEADER = YES;
				CLANG_WARN_RANGE_LOOP_ANALYSIS = YES;
				CLANG_WARN_STRICT_PROTOTYPES = YES;
				CLANG_WARN_SUSPICIOUS_MOVE = YES;
				CLANG_WARN_UNGUARDED_AVAILABILITY = YES_AGGRESSIVE;
				CLANG_WARN_UNREACHABLE_CODE = YES;
				CLANG_WARN__DUPLICATE_METHOD_MATCH = YES;
				COPY_PHASE_STRIP = NO;
				DEBUG_INFORMATION_FORMAT = dwarf;
				ENABLE_STRICT_OBJC_MSGSEND = YES;
				ENABLE_TESTABILITY = YES;
				ENABLE_USER_SCRIPT_SANDBOXING = YES;
				GCC_C_LANGUAGE_STANDARD = gnu17;
				GCC_DYNAMIC_NO_PIC = NO;
				GCC_NO_COMMON_BLOCKS = YES;
				GCC_OPTIMIZATION_LEVEL = 0;
				GCC_PREPROCESSOR_DEFINITIONS = (
					"DEBUG=1",
					"$(inherited)",
				);
				GCC_WARN_64_TO_32_BIT_CONVERSION = YES;
				GCC_WARN_ABOUT_RETURN_TYPE = YES_ERROR;
				GCC_WARN_UNDECLARED_SELECTOR = YES;
				GCC_WARN_UNINITIALIZED_AUTOS = YES_AGGRESSIVE;
				GCC_WARN_UNUSED_FUNCTION = YES;
				GCC_WARN_UNUSED_VARIABLE = YES;
				IPHONEOS_DEPLOYMENT_TARGET = 26.2;
				LOCALIZATION_PREFERS_STRING_CATALOGS = YES;
				MTL_ENABLE_DEBUG_INFO = INCLUDE_SOURCE;
				MTL_FAST_MATH = YES;
				ONLY_ACTIVE_ARCH = YES;
				SDKROOT = iphoneos;
				SWIFT_ACTIVE_COMPILATION_CONDITIONS = "DEBUG $(inherited)";
				SWIFT_OPTIMIZATION_LEVEL = "-Onone";
			};
			name = Debug;
		};
		69DDCCB02F748F5D0076ADFC /* Release */ = {
			isa = XCBuildConfiguration;
			buildSettings = {
				ALWAYS_SEARCH_USER_PATHS = NO;
				ASSETCATALOG_COMPILER_GENERATE_SWIFT_ASSET_SYMBOL_EXTENSIONS = YES;
				CLANG_ANALYZER_NONNULL = YES;
				CLANG_ANALYZER_NUMBER_OBJECT_CONVERSION = YES_AGGRESSIVE;
				CLANG_CXX_LANGUAGE_STANDARD = "gnu++20";
				CLANG_ENABLE_MODULES = YES;
				CLANG_ENABLE_OBJC_ARC = YES;
				CLANG_ENABLE_OBJC_WEAK = YES;
				CLANG_WARN_BLOCK_CAPTURE_AUTORELEASING = YES;
				CLANG_WARN_BOOL_CONVERSION = YES;
				CLANG_WARN_COMMA = YES;
				CLANG_WARN_CONSTANT_CONVERSION = YES;
				CLANG_WARN_DEPRECATED_OBJC_IMPLEMENTATIONS = YES;
				CLANG_WARN_DIRECT_OBJC_ISA_USAGE = YES_ERROR;
				CLANG_WARN_DOCUMENTATION_COMMENTS = YES;
				CLANG_WARN_EMPTY_BODY = YES;
				CLANG_WARN_ENUM_CONVERSION = YES;
				CLANG_WARN_INFINITE_RECURSION = YES;
				CLANG_WARN_INT_CONVERSION = YES;
				CLANG_WARN_NON_LITERAL_NULL_CONVERSION = YES;
				CLANG_WARN_OBJC_IMPLICIT_RETAIN_SELF = YES;
				CLANG_WARN_OBJC_LITERAL_CONVERSION = YES;
				CLANG_WARN_OBJC_ROOT_CLASS = YES_ERROR;
				CLANG_WARN_QUOTED_INCLUDE_IN_FRAMEWORK_HEADER = YES;
				CLANG_WARN_RANGE_LOOP_ANALYSIS = YES;
				CLANG_WARN_STRICT_PROTOTYPES = YES;
				CLANG_WARN_SUSPICIOUS_MOVE = YES;
				CLANG_WARN_UNGUARDED_AVAILABILITY = YES_AGGRESSIVE;
				CLANG_WARN_UNREACHABLE_CODE = YES;
				CLANG_WARN__DUPLICATE_METHOD_MATCH = YES;
				COPY_PHASE_STRIP = NO;
				DEBUG_INFORMATION_FORMAT = "dwarf-with-dsym";
				ENABLE_NS_ASSERTIONS = NO;
				ENABLE_STRICT_OBJC_MSGSEND = YES;
				ENABLE_USER_SCRIPT_SANDBOXING = YES;
				GCC_C_LANGUAGE_STANDARD = gnu17;
				GCC_NO_COMMON_BLOCKS = YES;
				GCC_WARN_64_TO_32_BIT_CONVERSION = YES;
				GCC_WARN_ABOUT_RETURN_TYPE = YES_ERROR;
				GCC_WARN_UNDECLARED_SELECTOR = YES;
				GCC_WARN_UNINITIALIZED_AUTOS = YES_AGGRESSIVE;
				GCC_WARN_UNUSED_FUNCTION = YES;
				GCC_WARN_UNUSED_VARIABLE = YES;
				IPHONEOS_DEPLOYMENT_TARGET = 26.2;
				LOCALIZATION_PREFERS_STRING_CATALOGS = YES;
				MTL_ENABLE_DEBUG_INFO = NO;
				MTL_FAST_MATH = YES;
				SDKROOT = iphoneos;
				SWIFT_COMPILATION_MODE = wholemodule;
				VALIDATE_PRODUCT = YES;
			};
			name = Release;
		};
		69DDCCB22F748F5D0076ADFC /* Debug */ = {
			isa = XCBuildConfiguration;
			buildSettings = {
				BUNDLE_LOADER = "$(TEST_HOST)";
				CODE_SIGN_STYLE = Automatic;
				CURRENT_PROJECT_VERSION = 1;
				GENERATE_INFOPLIST_FILE = YES;
				IPHONEOS_DEPLOYMENT_TARGET = 26.2;
				MARKETING_VERSION = 1.0;
				PRODUCT_BUNDLE_IDENTIFIER = kobayashi.ApplySceneTests;
				PRODUCT_NAME = "$(TARGET_NAME)";
				STRING_CATALOG_GENERATE_SYMBOLS = NO;
				SWIFT_APPROACHABLE_CONCURRENCY = YES;
				SWIFT_EMIT_LOC_STRINGS = NO;
				SWIFT_UPCOMING_FEATURE_MEMBER_IMPORT_VISIBILITY = YES;
				SWIFT_VERSION = 5.0;
				TARGETED_DEVICE_FAMILY = "1,2";
				TEST_HOST = "$(BUILT_PRODUCTS_DIR)/ApplyScene.app/$(BUNDLE_EXECUTABLE_FOLDER_PATH)/ApplyScene";
			};
			name = Debug;
		};
		69DDCCB32F748F5D0076ADFC /* Release */ = {
			isa = XCBuildConfiguration;
			buildSettings = {
				BUNDLE_LOADER = "$(TEST_HOST)";
				CODE_SIGN_STYLE = Automatic;
				CURRENT_PROJECT_VERSION = 1;
				GENERATE_INFOPLIST_FILE = YES;
				IPHONEOS_DEPLOYMENT_TARGET = 26.2;
				MARKETING_VERSION = 1.0;
				PRODUCT_BUNDLE_IDENTIFIER = kobayashi.ApplySceneTests;
				PRODUCT_NAME = "$(TARGET_NAME)";
				STRING_CATALOG_GENERATE_SYMBOLS = NO;
				SWIFT_APPROACHABLE_CONCURRENCY = YES;
				SWIFT_EMIT_LOC_STRINGS = NO;
				SWIFT_UPCOMING_FEATURE_MEMBER_IMPORT_VISIBILITY = YES;
				SWIFT_VERSION = 5.0;
				TARGETED_DEVICE_FAMILY = "1,2";
				TEST_HOST = "$(BUILT_PRODUCTS_DIR)/ApplyScene.app/$(BUNDLE_EXECUTABLE_FOLDER_PATH)/ApplyScene";
			};
			name = Release;
		};
		69DDCCB52F748F5D0076ADFC /* Debug */ = {
			isa = XCBuildConfiguration;
			buildSettings = {
				CODE_SIGN_STYLE = Automatic;
				CURRENT_PROJECT_VERSION = 1;
				GENERATE_INFOPLIST_FILE = YES;
				MARKETING_VERSION = 1.0;
				PRODUCT_BUNDLE_IDENTIFIER = kobayashi.ApplySceneUITests;
				PRODUCT_NAME = "$(TARGET_NAME)";
				STRING_CATALOG_GENERATE_SYMBOLS = NO;
				SWIFT_APPROACHABLE_CONCURRENCY = YES;
				SWIFT_EMIT_LOC_STRINGS = NO;
				SWIFT_UPCOMING_FEATURE_MEMBER_IMPORT_VISIBILITY = YES;
				SWIFT_VERSION = 5.0;
				TARGETED_DEVICE_FAMILY = "1,2";
				TEST_TARGET_NAME = ApplyScene;
			};
			name = Debug;
		};
		69DDCCB62F748F5D0076ADFC /* Release */ = {
			isa = XCBuildConfiguration;
			buildSettings = {
				CODE_SIGN_STYLE = Automatic;
				CURRENT_PROJECT_VERSION = 1;
				GENERATE_INFOPLIST_FILE = YES;
				MARKETING_VERSION = 1.0;
				PRODUCT_BUNDLE_IDENTIFIER = kobayashi.ApplySceneUITests;
				PRODUCT_NAME = "$(TARGET_NAME)";
				STRING_CATALOG_GENERATE_SYMBOLS = NO;
				SWIFT_APPROACHABLE_CONCURRENCY = YES;
				SWIFT_EMIT_LOC_STRINGS = NO;
				SWIFT_UPCOMING_FEATURE_MEMBER_IMPORT_VISIBILITY = YES;
				SWIFT_VERSION = 5.0;
				TARGETED_DEVICE_FAMILY = "1,2";
				TEST_TARGET_NAME = ApplyScene;
			};
			name = Release;
		};
/* End XCBuildConfiguration section */

/* Begin XCConfigurationList section */
		69DDCC7E2F748F5B0076ADFC /* Build configuration list for PBXProject "ApplyScene" */ = {
			isa = XCConfigurationList;
			buildConfigurations = (
				69DDCCAF2F748F5D0076ADFC /* Debug */,
				69DDCCB02F748F5D0076ADFC /* Release */,
			);
			defaultConfigurationIsVisible = 0;
			defaultConfigurationName = Release;
		};
		69DDCCAC2F748F5D0076ADFC /* Build configuration list for PBXNativeTarget "ApplyScene" */ = {
			isa = XCConfigurationList;
			buildConfigurations = (
				69DDCCAD2F748F5D0076ADFC /* Debug */,
				69DDCCAE2F748F5D0076ADFC /* Release */,
			);
			defaultConfigurationIsVisible = 0;
			defaultConfigurationName = Release;
		};
		69DDCCB12F748F5D0076ADFC /* Build configuration list for PBXNativeTarget "ApplySceneTests" */ = {
			isa = XCConfigurationList;
			buildConfigurations = (
				69DDCCB22F748F5D0076ADFC /* Debug */,
				69DDCCB32F748F5D0076ADFC /* Release */,
			);
			defaultConfigurationIsVisible = 0;
			defaultConfigurationName = Release;
		};
		69DDCCB42F748F5D0076ADFC /* Build configuration list for PBXNativeTarget "ApplySceneUITests" */ = {
			isa = XCConfigurationList;
			buildConfigurations = (
				69DDCCB52F748F5D0076ADFC /* Debug */,
				69DDCCB62F748F5D0076ADFC /* Release */,
			);
			defaultConfigurationIsVisible = 0;
			defaultConfigurationName = Release;
		};
/* End XCConfigurationList section */
	};
	rootObject = 69DDCC7B2F748F5B0076ADFC /* Project object */;
}
